
Microsoft Visual Studio Solution File, Format Version 12.00
# Visual Studio Version 17
VisualStudioVersion = 17.2.32630.192
MinimumVisualStudioVersion = 10.0.40219.1
Project("{FAE04EC0-301F-11D3-BF4B-00C04F79EFBC}") = "ClientSystemWebApp", "ClientSystemWebApp\ClientSystemWebApp.csproj", "{998C081B-FF7B-4626-B114-E688CFFEA078}"
EndProject
Global
	GlobalSection(SolutionConfigurationPlatforms) = preSolution
		Debug|Any CPU = Debug|Any CPU
		Release|Any CPU = Release|Any CPU
	EndGlobalSection
	GlobalSection(ProjectConfigurationPlatforms) = postSolution
		{998C081B-FF7B-4626-B114-E688CFFEA078}.Debug|Any CPU.ActiveCfg = Debug|Any CPU
		{998C081B-FF7B-4626-B114-E688CFFEA078}.Debug|Any CPU.Build.0 = Debug|Any CPU
		{998C081B-FF7B-4626-B114-E688CFFEA078}.Release|Any CPU.ActiveCfg = Release|Any CPU
		{998C081B-FF7B-4626-B114-E688CFFEA078}.Release|Any CPU.Build.0 = Release|Any CPU
	EndGlobalSection
	GlobalSection(SolutionProperties) = preSolution
		HideSolutionNode = FALSE
	EndGlobalSection
	GlobalSection(ExtensibilityGlobals) = postSolution
		SolutionGuid = {FE387289-93FF-4C28-A0C3-462E520E256B}
	EndGlobalSection
EndGlobal
